
Microsoft Visual Studio Solution File, Format Version 12.00
Project("{FAE04EC0-301F-11D3-BF4B-00C04F79EFBC}") = "RedisMessaging.Consumer", "RedisMessaging.Consumer\RedisMessaging.Consumer.csproj", "{B906EC17-9C1A-442D-8384-BC3CFBB36D04}"
EndProject
Project("{FAE04EC0-301F-11D3-BF4B-00C04F79EFBC}") = "RedisMessaging.Publisher", "RedisMessaging.Publisher\RedisMessaging.Publisher.csproj", "{54865F5F-EB05-4E58-BDC4-F1FD5F57466F}"
EndProject
Global
	GlobalSection(SolutionConfigurationPlatforms) = preSolution
		Debug|Any CPU = Debug|Any CPU
		Release|Any CPU = Release|Any CPU
	EndGlobalSection
	GlobalSection(ProjectConfigurationPlatforms) = postSolution
		{B906EC17-9C1A-442D-8384-BC3CFBB36D04}.Debug|Any CPU.ActiveCfg = Debug|Any CPU
		{B906EC17-9C1A-442D-8384-BC3CFBB36D04}.Debug|Any CPU.Build.0 = Debug|Any CPU
		{B906EC17-9C1A-442D-8384-BC3CFBB36D04}.Release|Any CPU.ActiveCfg = Release|Any CPU
		{B906EC17-9C1A-442D-8384-BC3CFBB36D04}.Release|Any CPU.Build.0 = Release|Any CPU
		{54865F5F-EB05-4E58-BDC4-F1FD5F57466F}.Debug|Any CPU.ActiveCfg = Debug|Any CPU
		{54865F5F-EB05-4E58-BDC4-F1FD5F57466F}.Debug|Any CPU.Build.0 = Debug|Any CPU
		{54865F5F-EB05-4E58-BDC4-F1FD5F57466F}.Release|Any CPU.ActiveCfg = Release|Any CPU
		{54865F5F-EB05-4E58-BDC4-F1FD5F57466F}.Release|Any CPU.Build.0 = Release|Any CPU
	EndGlobalSection
EndGlobal
